
Microsoft Visual Studio Solution File, Format Version 12.00
# Visual Studio Version 16
VisualStudioVersion = 16.0.30128.74
MinimumVisualStudioVersion = 10.0.40219.1
Project("{FAE04EC0-301F-11D3-BF4B-00C04F79EFBC}") = "AzureDevopsDemoOrdersApi", "AzureDevopsDemoOrdersApi\AzureDevopsDemoOrdersApi.csproj", "{B165838A-88E8-43B4-9FBC-01B27A1B3496}"
EndProject
Global
	GlobalSection(SolutionConfigurationPlatforms) = preSolution
		Debug|Any CPU = Debug|Any CPU
		Release|Any CPU = Release|Any CPU
	EndGlobalSection
	GlobalSection(ProjectConfigurationPlatforms) = postSolution
		{B165838A-88E8-43B4-9FBC-01B27A1B3496}.Debug|Any CPU.ActiveCfg = Debug|Any CPU
		{B165838A-88E8-43B4-9FBC-01B27A1B3496}.Debug|Any CPU.Build.0 = Debug|Any CPU
		{B165838A-88E8-43B4-9FBC-01B27A1B3496}.Release|Any CPU.ActiveCfg = Release|Any CPU
		{B165838A-88E8-43B4-9FBC-01B27A1B3496}.Release|Any CPU.Build.0 = Release|Any CPU
	EndGlobalSection
	GlobalSection(SolutionProperties) = preSolution
		HideSolutionNode = FALSE
	EndGlobalSection
	GlobalSection(ExtensibilityGlobals) = postSolution
		SolutionGuid = {33541107-B126-43DD-8678-ADEFC5FFD799}
	EndGlobalSection
EndGlobal
